{
  "name": "portable-local-ai-environment-manager",
  "version": "0.3.0-rc.1",
  "lockfileVersion": 3,
  "requires": true,
  "packages": {
    "": {
      "name": "portable-local-ai-environment-manager",
      "version": "0.3.0-rc.1",
      "license": "MIT",
      "os": [
        "win32"
      ],
      "bin": {
        "portable-ai": "bin/portable-ai.cjs"
      },
      "engines": {
        "node": ">=22"
      }
    }
  }
}
